// !$*UTF8*$!
{
	archiveVersion = 1;
	classes = {
	};
	objectVersion = 46;
	objects = {

/* Begin PBXBuildFile section */
		126B0DA91C17E9CA0050C34E /* battleship.cpp in Sources */ = {isa = PBXBuildFile; fileRef = 126B0DA81C17E9CA0050C34E /* battleship.cpp */; };
/* End PBXBuildFile section */

/* Begin PBXCopyFilesBuildPhase section */
		126B0DA31C17E9CA0050C34E /* CopyFiles */ = {
			isa = PBXCopyFilesBuildPhase;
			buildActionMask = 2147483647;
			dstPath = /usr/share/man/man1/;
			dstSubfolderSpec = 0;
			files = (
			);
			runOnlyForDeploymentPostprocessing = 1;
		};
/* End PBXCopyFilesBuildPhase section */

/* Begin PBXFileReference section */
		126B0DA51C17E9CA0050C34E /* wiese176_9A */ = {isa = PBXFileReference; explicitFileType = "compiled.mach-o.executable"; includeInIndex = 0; path = wiese176_9A; sourceTree = BUILT_PRODUCTS_DIR; };
		126B0DA81C17E9CA0050C34E /* battleship.cpp */ = {isa = PBXFileReference; lastKnownFileType = sourcecode.cpp.cpp; path = battleship.cpp; sourceTree = "<group>"; };
		126B0DAF1C17E9FA0050C34E /* fiveShips.txt */ = {isa = PBXFileReference; fileEncoding = 4; lastKnownFileType = text; name = fiveShips.txt; path = ../../fiveShips.txt; sourceTree = "<group>"; };
		126B0DB01C17EA040050C34E /* oneShip.txt */ = {isa = PBXFileReference; fileEncoding = 4; lastKnownFileType = text; name = oneShip.txt; path = ../../oneShip.txt; sourceTree = "<group>"; };
/* End PBXFileReference section */

/* Begin PBXFrameworksBuildPhase section */
		126B0DA21C17E9CA0050C34E /* Frameworks */ = {
			isa = PBXFrameworksBuildPhase;
			buildActionMask = 2147483647;
			files = (
			);
			runOnlyForDeploymentPostprocessing = 0;
		};
/* End PBXFrameworksBuildPhase section */

/* Begin PBXGroup section */
		126B0D9C1C17E9CA0050C34E = {
			isa = PBXGroup;
			children = (
				126B0DA71C17E9CA0050C34E /* wiese176_9A */,
				126B0DA61C17E9CA0050C34E /* Products */,
			);
			sourceTree = "<group>";
		};
		126B0DA61C17E9CA0050C34E /* Products */ = {
			isa = PBXGroup;
			children = (
				126B0DA51C17E9CA0050C34E /* wiese176_9A */,
			);
			name = Products;
			sourceTree = "<group>";
		};
		126B0DA71C17E9CA0050C34E /* wiese176_9A */ = {
			isa = PBXGroup;
			children = (
				126B0DA81C17E9CA0050C34E /* battleship.cpp */,
				126B0DB01C17EA040050C34E /* oneShip.txt */,
				126B0DAF1C17E9FA0050C34E /* fiveShips.txt */,
			);
			path = wiese176_9A;
			sourceTree = "<group>";
		};
/* End PBXGroup section */

/* Begin PBXNativeTarget section */
		126B0DA41C17E9CA0050C34E /* wiese176_9A */ = {
			isa = PBXNativeTarget;
			buildConfigurationList = 126B0DAC1C17E9CA0050C34E /* Build configuration list for PBXNativeTarget "wiese176_9A" */;
			buildPhases = (
				126B0DA11C17E9CA0050C34E /* Sources */,
				126B0DA21C17E9CA0050C34E /* Frameworks */,
				126B0DA31C17E9CA0050C34E /* CopyFiles */,
			);
			buildRules = (
			);
			dependencies = (
			);
			name = wiese176_9A;
			productName = wiese176_9A;
			productReference = 126B0DA51C17E9CA0050C34E /* wiese176_9A */;
			productType = "com.apple.product-type.tool";
		};
/* End PBXNativeTarget section */

/* Begin PBXProject section */
		126B0D9D1C17E9CA0050C34E /* Project object */ = {
			isa = PBXProject;
			attributes = {
				LastUpgradeCheck = 0710;
				ORGANIZATIONNAME = TheProSteezeBroskis;
				TargetAttributes = {
					126B0DA41C17E9CA0050C34E = {
						CreatedOnToolsVersion = 7.1.1;
					};
				};
			};
			buildConfigurationList = 126B0DA01C17E9CA0050C34E /* Build configuration list for PBXProject "wiese176_9A" */;
			compatibilityVersion = "Xcode 3.2";
			developmentRegion = English;
			hasScannedForEncodings = 0;
			knownRegions = (
				en,
			);
			mainGroup = 126B0D9C1C17E9CA0050C34E;
			productRefGroup = 126B0DA61C17E9CA0050C34E /* Products */;
			projectDirPath = "";
			projectRoot = "";
			targets = (
				126B0DA41C17E9CA0050C34E /* wiese176_9A */,
			);
		};
/* End PBXProject section */

/* Begin PBXSourcesBuildPhase section */
		126B0DA11C17E9CA0050C34E /* Sources */ = {
			isa = PBXSourcesBuildPhase;
			buildActionMask = 2147483647;
			files = (
				126B0DA91C17E9CA0050C34E /* battleship.cpp in Sources */,
			);
			runOnlyForDeploymentPostprocessing = 0;
		};
/* End PBXSourcesBuildPhase section */

/* Begin XCBuildConfiguration section */
		126B0DAA1C17E9CA0050C34E /* Debug */ = {
			isa = XCBuildConfiguration;
			buildSettings = {
				ALWAYS_SEARCH_USER_PATHS = NO;
				CLANG_CXX_LANGUAGE_STANDARD = "gnu++0x";
				CLANG_CXX_LIBRARY = "libc++";
				CLANG_ENABLE_MODULES = YES;
				CLANG_ENABLE_OBJC_ARC = YES;
				CLANG_WARN_BOOL_CONVERSION = YES;
				CLANG_WARN_CONSTANT_CONVERSION = YES;
				CLANG_WARN_DIRECT_OBJC_ISA_USAGE = YES_ERROR;
				CLANG_WARN_EMPTY_BODY = YES;
				CLANG_WARN_ENUM_CONVERSION = YES;
				CLANG_WARN_INT_CONVERSION = YES;
				CLANG_WARN_OBJC_ROOT_CLASS = YES_ERROR;
				CLANG_WARN_UNREACHABLE_CODE = YES;
				CLANG_WARN__DUPLICATE_METHOD_MATCH = YES;
				CODE_SIGN_IDENTITY = "-";
				COPY_PHASE_STRIP = NO;
				DEBUG_INFORMATION_FORMAT = dwarf;
				ENABLE_STRICT_OBJC_MSGSEND = YES;
				ENABLE_TESTABILITY = YES;
				GCC_C_LANGUAGE_STANDARD = gnu99;
				GCC_DYNAMIC_NO_PIC = NO;
				GCC_NO_COMMON_BLOCKS = YES;
				GCC_OPTIMIZATION_LEVEL = 0;
				GCC_PREPROCESSOR_DEFINITIONS = (
					"DEBUG=1",
					"$(inherited)",
				);
				GCC_WARN_64_TO_32_BIT_CONVERSION = YES;
				GCC_WARN_ABOUT_RETURN_TYPE = YES_ERROR;
				GCC_WARN_UNDECLARED_SELECTOR = YES;
				GCC_WARN_UNINITIALIZED_AUTOS = YES_AGGRESSIVE;
				GCC_WARN_UNUSED_FUNCTION = YES;
				GCC_WARN_UNUSED_VARIABLE = YES;
				MACOSX_DEPLOYMENT_TARGET = 10.11;
				MTL_ENABLE_DEBUG_INFO = YES;
				ONLY_ACTIVE_ARCH = YES;
				SDKROOT = macosx;
			};
			name = Debug;
		};
		126B0DAB1C17E9CA0050C34E /* Release */ = {
			isa = XCBuildConfiguration;
			buildSettings = {
				ALWAYS_SEARCH_USER_PATHS = NO;
				CLANG_CXX_LANGUAGE_STANDARD = "gnu++0x";
				CLANG_CXX_LIBRARY = "libc++";
				CLANG_ENABLE_MODULES = YES;
				CLANG_ENABLE_OBJC_ARC = YES;
				CLANG_WARN_BOOL_CONVERSION = YES;
				CLANG_WARN_CONSTANT_CONVERSION = YES;
				CLANG_WARN_DIRECT_OBJC_ISA_USAGE = YES_ERROR;
				CLANG_WARN_EMPTY_BODY = YES;
				CLANG_WARN_ENUM_CONVERSION = YES;
				CLANG_WARN_INT_CONVERSION = YES;
				CLANG_WARN_OBJC_ROOT_CLASS = YES_ERROR;
				CLANG_WARN_UNREACHABLE_CODE = YES;
				CLANG_WARN__DUPLICATE_METHOD_MATCH = YES;
				CODE_SIGN_IDENTITY = "-";
				COPY_PHASE_STRIP = NO;
				DEBUG_INFORMATION_FORMAT = "dwarf-with-dsym";
				ENABLE_NS_ASSERTIONS = NO;
				ENABLE_STRICT_OBJC_MSGSEND = YES;
				GCC_C_LANGUAGE_STANDARD = gnu99;
				GCC_NO_COMMON_BLOCKS = YES;
				GCC_WARN_64_TO_32_BIT_CONVERSION = YES;
				GCC_WARN_ABOUT_RETURN_TYPE = YES_ERROR;
				GCC_WARN_UNDECLARED_SELECTOR = YES;
				GCC_WARN_UNINITIALIZED_AUTOS = YES_AGGRESSIVE;
				GCC_WARN_UNUSED_FUNCTION = YES;
				GCC_WARN_UNUSED_VARIABLE = YES;
				MACOSX_DEPLOYMENT_TARGET = 10.11;
				MTL_ENABLE_DEBUG_INFO = NO;
				SDKROOT = macosx;
			};
			name = Release;
		};
		126B0DAD1C17E9CA0050C34E /* Debug */ = {
			isa = XCBuildConfiguration;
			buildSettings = {
				PRODUCT_NAME = "$(TARGET_NAME)";
			};
			name = Debug;
		};
		126B0DAE1C17E9CA0050C34E /* Release */ = {
			isa = XCBuildConfiguration;
			buildSettings = {
				PRODUCT_NAME = "$(TARGET_NAME)";
			};
			name = Release;
		};
/* End XCBuildConfiguration section */

/* Begin XCConfigurationList section */
		126B0DA01C17E9CA0050C34E /* Build configuration list for PBXProject "wiese176_9A" */ = {
			isa = XCConfigurationList;
			buildConfigurations = (
				126B0DAA1C17E9CA0050C34E /* Debug */,
				126B0DAB1C17E9CA0050C34E /* Release */,
			);
			defaultConfigurationIsVisible = 0;
			defaultConfigurationName = Release;
		};
		126B0DAC1C17E9CA0050C34E /* Build configuration list for PBXNativeTarget "wiese176_9A" */ = {
			isa = XCConfigurationList;
			buildConfigurations = (
				126B0DAD1C17E9CA0050C34E /* Debug */,
				126B0DAE1C17E9CA0050C34E /* Release */,
			);
			defaultConfigurationIsVisible = 0;
		};
/* End XCConfigurationList section */
	};
	rootObject = 126B0D9D1C17E9CA0050C34E /* Project object */;
}
