// !$*UTF8*$!
{
	archiveVersion = 1;
	classes = {
	};
	objectVersion = 46;
	objects = {

/* Begin PBXBuildFile section */
		126748A51BF93CB400B02350 /* player.cpp in Sources */ = {isa = PBXBuildFile; fileRef = 126748A31BF93B3A00B02350 /* player.cpp */; };
		126748A61BF93CB700B02350 /* map.cpp in Sources */ = {isa = PBXBuildFile; fileRef = 126748A11BF93B2400B02350 /* map.cpp */; };
		126748A81BF93DA800B02350 /* simUniversity.cpp in Sources */ = {isa = PBXBuildFile; fileRef = 126748A71BF93DA800B02350 /* simUniversity.cpp */; };
/* End PBXBuildFile section */

/* Begin PBXCopyFilesBuildPhase section */
		126748951BF93AEF00B02350 /* CopyFiles */ = {
			isa = PBXCopyFilesBuildPhase;
			buildActionMask = 2147483647;
			dstPath = /usr/share/man/man1/;
			dstSubfolderSpec = 0;
			files = (
			);
			runOnlyForDeploymentPostprocessing = 1;
		};
/* End PBXCopyFilesBuildPhase section */

/* Begin PBXFileReference section */
		126748971BF93AEF00B02350 /* 7A */ = {isa = PBXFileReference; explicitFileType = "compiled.mach-o.executable"; includeInIndex = 0; path = 7A; sourceTree = BUILT_PRODUCTS_DIR; };
		126748A11BF93B2400B02350 /* map.cpp */ = {isa = PBXFileReference; fileEncoding = 4; lastKnownFileType = sourcecode.cpp.cpp; name = map.cpp; path = ../../map.cpp; sourceTree = "<group>"; };
		126748A31BF93B3A00B02350 /* player.cpp */ = {isa = PBXFileReference; fileEncoding = 4; lastKnownFileType = sourcecode.cpp.cpp; name = player.cpp; path = ../../player.cpp; sourceTree = "<group>"; };
		126748A71BF93DA800B02350 /* simUniversity.cpp */ = {isa = PBXFileReference; fileEncoding = 4; lastKnownFileType = sourcecode.cpp.cpp; name = simUniversity.cpp; path = ../../simUniversity.cpp; sourceTree = "<group>"; };
/* End PBXFileReference section */

/* Begin PBXFrameworksBuildPhase section */
		126748941BF93AEF00B02350 /* Frameworks */ = {
			isa = PBXFrameworksBuildPhase;
			buildActionMask = 2147483647;
			files = (
			);
			runOnlyForDeploymentPostprocessing = 0;
		};
/* End PBXFrameworksBuildPhase section */

/* Begin PBXGroup section */
		1267488E1BF93AEF00B02350 = {
			isa = PBXGroup;
			children = (
				126748991BF93AEF00B02350 /* 7A */,
				126748981BF93AEF00B02350 /* Products */,
			);
			sourceTree = "<group>";
		};
		126748981BF93AEF00B02350 /* Products */ = {
			isa = PBXGroup;
			children = (
				126748971BF93AEF00B02350 /* 7A */,
			);
			name = Products;
			sourceTree = "<group>";
		};
		126748991BF93AEF00B02350 /* 7A */ = {
			isa = PBXGroup;
			children = (
				126748A71BF93DA800B02350 /* simUniversity.cpp */,
				126748A31BF93B3A00B02350 /* player.cpp */,
				126748A11BF93B2400B02350 /* map.cpp */,
			);
			path = 7A;
			sourceTree = "<group>";
		};
/* End PBXGroup section */

/* Begin PBXNativeTarget section */
		126748961BF93AEF00B02350 /* 7A */ = {
			isa = PBXNativeTarget;
			buildConfigurationList = 1267489E1BF93AEF00B02350 /* Build configuration list for PBXNativeTarget "7A" */;
			buildPhases = (
				126748931BF93AEF00B02350 /* Sources */,
				126748941BF93AEF00B02350 /* Frameworks */,
				126748951BF93AEF00B02350 /* CopyFiles */,
			);
			buildRules = (
			);
			dependencies = (
			);
			name = 7A;
			productName = 7A;
			productReference = 126748971BF93AEF00B02350 /* 7A */;
			productType = "com.apple.product-type.tool";
		};
/* End PBXNativeTarget section */

/* Begin PBXProject section */
		1267488F1BF93AEF00B02350 /* Project object */ = {
			isa = PBXProject;
			attributes = {
				LastUpgradeCheck = 0710;
				ORGANIZATIONNAME = TheProSteezeBroskis;
				TargetAttributes = {
					126748961BF93AEF00B02350 = {
						CreatedOnToolsVersion = 7.1.1;
					};
				};
			};
			buildConfigurationList = 126748921BF93AEF00B02350 /* Build configuration list for PBXProject "7A" */;
			compatibilityVersion = "Xcode 3.2";
			developmentRegion = English;
			hasScannedForEncodings = 0;
			knownRegions = (
				en,
			);
			mainGroup = 1267488E1BF93AEF00B02350;
			productRefGroup = 126748981BF93AEF00B02350 /* Products */;
			projectDirPath = "";
			projectRoot = "";
			targets = (
				126748961BF93AEF00B02350 /* 7A */,
			);
		};
/* End PBXProject section */

/* Begin PBXSourcesBuildPhase section */
		126748931BF93AEF00B02350 /* Sources */ = {
			isa = PBXSourcesBuildPhase;
			buildActionMask = 2147483647;
			files = (
				126748A61BF93CB700B02350 /* map.cpp in Sources */,
				126748A51BF93CB400B02350 /* player.cpp in Sources */,
				126748A81BF93DA800B02350 /* simUniversity.cpp in Sources */,
			);
			runOnlyForDeploymentPostprocessing = 0;
		};
/* End PBXSourcesBuildPhase section */

/* Begin XCBuildConfiguration section */
		1267489C1BF93AEF00B02350 /* Debug */ = {
			isa = XCBuildConfiguration;
			buildSettings = {
				ALWAYS_SEARCH_USER_PATHS = NO;
				CLANG_CXX_LANGUAGE_STANDARD = "gnu++0x";
				CLANG_CXX_LIBRARY = "libc++";
				CLANG_ENABLE_MODULES = YES;
				CLANG_ENABLE_OBJC_ARC = YES;
				CLANG_WARN_BOOL_CONVERSION = YES;
				CLANG_WARN_CONSTANT_CONVERSION = YES;
				CLANG_WARN_DIRECT_OBJC_ISA_USAGE = YES_ERROR;
				CLANG_WARN_EMPTY_BODY = YES;
				CLANG_WARN_ENUM_CONVERSION = YES;
				CLANG_WARN_INT_CONVERSION = YES;
				CLANG_WARN_OBJC_ROOT_CLASS = YES_ERROR;
				CLANG_WARN_UNREACHABLE_CODE = YES;
				CLANG_WARN__DUPLICATE_METHOD_MATCH = YES;
				CODE_SIGN_IDENTITY = "-";
				COPY_PHASE_STRIP = NO;
				DEBUG_INFORMATION_FORMAT = dwarf;
				ENABLE_STRICT_OBJC_MSGSEND = YES;
				ENABLE_TESTABILITY = YES;
				GCC_C_LANGUAGE_STANDARD = gnu99;
				GCC_DYNAMIC_NO_PIC = NO;
				GCC_NO_COMMON_BLOCKS = YES;
				GCC_OPTIMIZATION_LEVEL = 0;
				GCC_PREPROCESSOR_DEFINITIONS = (
					"DEBUG=1",
					"$(inherited)",
				);
				GCC_WARN_64_TO_32_BIT_CONVERSION = YES;
				GCC_WARN_ABOUT_RETURN_TYPE = YES_ERROR;
				GCC_WARN_UNDECLARED_SELECTOR = YES;
				GCC_WARN_UNINITIALIZED_AUTOS = YES_AGGRESSIVE;
				GCC_WARN_UNUSED_FUNCTION = YES;
				GCC_WARN_UNUSED_VARIABLE = YES;
				MACOSX_DEPLOYMENT_TARGET = 10.11;
				MTL_ENABLE_DEBUG_INFO = YES;
				ONLY_ACTIVE_ARCH = YES;
				SDKROOT = macosx;
			};
			name = Debug;
		};
		1267489D1BF93AEF00B02350 /* Release */ = {
			isa = XCBuildConfiguration;
			buildSettings = {
				ALWAYS_SEARCH_USER_PATHS = NO;
				CLANG_CXX_LANGUAGE_STANDARD = "gnu++0x";
				CLANG_CXX_LIBRARY = "libc++";
				CLANG_ENABLE_MODULES = YES;
				CLANG_ENABLE_OBJC_ARC = YES;
				CLANG_WARN_BOOL_CONVERSION = YES;
				CLANG_WARN_CONSTANT_CONVERSION = YES;
				CLANG_WARN_DIRECT_OBJC_ISA_USAGE = YES_ERROR;
				CLANG_WARN_EMPTY_BODY = YES;
				CLANG_WARN_ENUM_CONVERSION = YES;
				CLANG_WARN_INT_CONVERSION = YES;
				CLANG_WARN_OBJC_ROOT_CLASS = YES_ERROR;
				CLANG_WARN_UNREACHABLE_CODE = YES;
				CLANG_WARN__DUPLICATE_METHOD_MATCH = YES;
				CODE_SIGN_IDENTITY = "-";
				COPY_PHASE_STRIP = NO;
				DEBUG_INFORMATION_FORMAT = "dwarf-with-dsym";
				ENABLE_NS_ASSERTIONS = NO;
				ENABLE_STRICT_OBJC_MSGSEND = YES;
				GCC_C_LANGUAGE_STANDARD = gnu99;
				GCC_NO_COMMON_BLOCKS = YES;
				GCC_WARN_64_TO_32_BIT_CONVERSION = YES;
				GCC_WARN_ABOUT_RETURN_TYPE = YES_ERROR;
				GCC_WARN_UNDECLARED_SELECTOR = YES;
				GCC_WARN_UNINITIALIZED_AUTOS = YES_AGGRESSIVE;
				GCC_WARN_UNUSED_FUNCTION = YES;
				GCC_WARN_UNUSED_VARIABLE = YES;
				MACOSX_DEPLOYMENT_TARGET = 10.11;
				MTL_ENABLE_DEBUG_INFO = NO;
				SDKROOT = macosx;
			};
			name = Release;
		};
		1267489F1BF93AEF00B02350 /* Debug */ = {
			isa = XCBuildConfiguration;
			buildSettings = {
				PRODUCT_NAME = "$(TARGET_NAME)";
			};
			name = Debug;
		};
		126748A01BF93AEF00B02350 /* Release */ = {
			isa = XCBuildConfiguration;
			buildSettings = {
				PRODUCT_NAME = "$(TARGET_NAME)";
			};
			name = Release;
		};
/* End XCBuildConfiguration section */

/* Begin XCConfigurationList section */
		126748921BF93AEF00B02350 /* Build configuration list for PBXProject "7A" */ = {
			isa = XCConfigurationList;
			buildConfigurations = (
				1267489C1BF93AEF00B02350 /* Debug */,
				1267489D1BF93AEF00B02350 /* Release */,
			);
			defaultConfigurationIsVisible = 0;
			defaultConfigurationName = Release;
		};
		1267489E1BF93AEF00B02350 /* Build configuration list for PBXNativeTarget "7A" */ = {
			isa = XCConfigurationList;
			buildConfigurations = (
				1267489F1BF93AEF00B02350 /* Debug */,
				126748A01BF93AEF00B02350 /* Release */,
			);
			defaultConfigurationIsVisible = 0;
		};
/* End XCConfigurationList section */
	};
	rootObject = 1267488F1BF93AEF00B02350 /* Project object */;
}
