// !$*UTF8*$!
{
	archiveVersion = 1;
	classes = {
	};
	objectVersion = 46;
	objects = {

/* Begin PBXBuildFile section */
		12C507F31C0F8E7E00B7AAF3 /* wiese176_8B.cpp in Sources */ = {isa = PBXBuildFile; fileRef = 12C507F21C0F8E7E00B7AAF3 /* wiese176_8B.cpp */; };
/* End PBXBuildFile section */

/* Begin PBXCopyFilesBuildPhase section */
		12C507ED1C0F8E7E00B7AAF3 /* CopyFiles */ = {
			isa = PBXCopyFilesBuildPhase;
			buildActionMask = 2147483647;
			dstPath = /usr/share/man/man1/;
			dstSubfolderSpec = 0;
			files = (
			);
			runOnlyForDeploymentPostprocessing = 1;
		};
/* End PBXCopyFilesBuildPhase section */

/* Begin PBXFileReference section */
		12C507EF1C0F8E7E00B7AAF3 /* wiese176_8B.cpp */ = {isa = PBXFileReference; explicitFileType = "compiled.mach-o.executable"; includeInIndex = 0; path = wiese176_8B.cpp; sourceTree = BUILT_PRODUCTS_DIR; };
		12C507F21C0F8E7E00B7AAF3 /* wiese176_8B.cpp */ = {isa = PBXFileReference; lastKnownFileType = sourcecode.cpp.cpp; path = wiese176_8B.cpp; sourceTree = "<group>"; };
/* End PBXFileReference section */

/* Begin PBXFrameworksBuildPhase section */
		12C507EC1C0F8E7E00B7AAF3 /* Frameworks */ = {
			isa = PBXFrameworksBuildPhase;
			buildActionMask = 2147483647;
			files = (
			);
			runOnlyForDeploymentPostprocessing = 0;
		};
/* End PBXFrameworksBuildPhase section */

/* Begin PBXGroup section */
		12C507E61C0F8E7E00B7AAF3 = {
			isa = PBXGroup;
			children = (
				12C507F11C0F8E7E00B7AAF3 /* wiese176_8B.cpp */,
				12C507F01C0F8E7E00B7AAF3 /* Products */,
			);
			sourceTree = "<group>";
		};
		12C507F01C0F8E7E00B7AAF3 /* Products */ = {
			isa = PBXGroup;
			children = (
				12C507EF1C0F8E7E00B7AAF3 /* wiese176_8B.cpp */,
			);
			name = Products;
			sourceTree = "<group>";
		};
		12C507F11C0F8E7E00B7AAF3 /* wiese176_8B.cpp */ = {
			isa = PBXGroup;
			children = (
				12C507F21C0F8E7E00B7AAF3 /* wiese176_8B.cpp */,
			);
			path = wiese176_8B.cpp;
			sourceTree = "<group>";
		};
/* End PBXGroup section */

/* Begin PBXNativeTarget section */
		12C507EE1C0F8E7E00B7AAF3 /* wiese176_8B.cpp */ = {
			isa = PBXNativeTarget;
			buildConfigurationList = 12C507F61C0F8E7E00B7AAF3 /* Build configuration list for PBXNativeTarget "wiese176_8B.cpp" */;
			buildPhases = (
				12C507EB1C0F8E7E00B7AAF3 /* Sources */,
				12C507EC1C0F8E7E00B7AAF3 /* Frameworks */,
				12C507ED1C0F8E7E00B7AAF3 /* CopyFiles */,
			);
			buildRules = (
			);
			dependencies = (
			);
			name = wiese176_8B.cpp;
			productName = wiese176_8B.cpp;
			productReference = 12C507EF1C0F8E7E00B7AAF3 /* wiese176_8B.cpp */;
			productType = "com.apple.product-type.tool";
		};
/* End PBXNativeTarget section */

/* Begin PBXProject section */
		12C507E71C0F8E7E00B7AAF3 /* Project object */ = {
			isa = PBXProject;
			attributes = {
				LastUpgradeCheck = 0710;
				ORGANIZATIONNAME = TheProSteezeBroskis;
				TargetAttributes = {
					12C507EE1C0F8E7E00B7AAF3 = {
						CreatedOnToolsVersion = 7.1.1;
					};
				};
			};
			buildConfigurationList = 12C507EA1C0F8E7E00B7AAF3 /* Build configuration list for PBXProject "wiese176_8B.cpp" */;
			compatibilityVersion = "Xcode 3.2";
			developmentRegion = English;
			hasScannedForEncodings = 0;
			knownRegions = (
				en,
			);
			mainGroup = 12C507E61C0F8E7E00B7AAF3;
			productRefGroup = 12C507F01C0F8E7E00B7AAF3 /* Products */;
			projectDirPath = "";
			projectRoot = "";
			targets = (
				12C507EE1C0F8E7E00B7AAF3 /* wiese176_8B.cpp */,
			);
		};
/* End PBXProject section */

/* Begin PBXSourcesBuildPhase section */
		12C507EB1C0F8E7E00B7AAF3 /* Sources */ = {
			isa = PBXSourcesBuildPhase;
			buildActionMask = 2147483647;
			files = (
				12C507F31C0F8E7E00B7AAF3 /* wiese176_8B.cpp in Sources */,
			);
			runOnlyForDeploymentPostprocessing = 0;
		};
/* End PBXSourcesBuildPhase section */

/* Begin XCBuildConfiguration section */
		12C507F41C0F8E7E00B7AAF3 /* Debug */ = {
			isa = XCBuildConfiguration;
			buildSettings = {
				ALWAYS_SEARCH_USER_PATHS = NO;
				CLANG_CXX_LANGUAGE_STANDARD = "gnu++0x";
				CLANG_CXX_LIBRARY = "libc++";
				CLANG_ENABLE_MODULES = YES;
				CLANG_ENABLE_OBJC_ARC = YES;
				CLANG_WARN_BOOL_CONVERSION = YES;
				CLANG_WARN_CONSTANT_CONVERSION = YES;
				CLANG_WARN_DIRECT_OBJC_ISA_USAGE = YES_ERROR;
				CLANG_WARN_EMPTY_BODY = YES;
				CLANG_WARN_ENUM_CONVERSION = YES;
				CLANG_WARN_INT_CONVERSION = YES;
				CLANG_WARN_OBJC_ROOT_CLASS = YES_ERROR;
				CLANG_WARN_UNREACHABLE_CODE = YES;
				CLANG_WARN__DUPLICATE_METHOD_MATCH = YES;
				CODE_SIGN_IDENTITY = "-";
				COPY_PHASE_STRIP = NO;
				DEBUG_INFORMATION_FORMAT = dwarf;
				ENABLE_STRICT_OBJC_MSGSEND = YES;
				ENABLE_TESTABILITY = YES;
				GCC_C_LANGUAGE_STANDARD = gnu99;
				GCC_DYNAMIC_NO_PIC = NO;
				GCC_NO_COMMON_BLOCKS = YES;
				GCC_OPTIMIZATION_LEVEL = 0;
				GCC_PREPROCESSOR_DEFINITIONS = (
					"DEBUG=1",
					"$(inherited)",
				);
				GCC_WARN_64_TO_32_BIT_CONVERSION = YES;
				GCC_WARN_ABOUT_RETURN_TYPE = YES_ERROR;
				GCC_WARN_UNDECLARED_SELECTOR = YES;
				GCC_WARN_UNINITIALIZED_AUTOS = YES_AGGRESSIVE;
				GCC_WARN_UNUSED_FUNCTION = YES;
				GCC_WARN_UNUSED_VARIABLE = YES;
				MACOSX_DEPLOYMENT_TARGET = 10.11;
				MTL_ENABLE_DEBUG_INFO = YES;
				ONLY_ACTIVE_ARCH = YES;
				SDKROOT = macosx;
			};
			name = Debug;
		};
		12C507F51C0F8E7E00B7AAF3 /* Release */ = {
			isa = XCBuildConfiguration;
			buildSettings = {
				ALWAYS_SEARCH_USER_PATHS = NO;
				CLANG_CXX_LANGUAGE_STANDARD = "gnu++0x";
				CLANG_CXX_LIBRARY = "libc++";
				CLANG_ENABLE_MODULES = YES;
				CLANG_ENABLE_OBJC_ARC = YES;
				CLANG_WARN_BOOL_CONVERSION = YES;
				CLANG_WARN_CONSTANT_CONVERSION = YES;
				CLANG_WARN_DIRECT_OBJC_ISA_USAGE = YES_ERROR;
				CLANG_WARN_EMPTY_BODY = YES;
				CLANG_WARN_ENUM_CONVERSION = YES;
				CLANG_WARN_INT_CONVERSION = YES;
				CLANG_WARN_OBJC_ROOT_CLASS = YES_ERROR;
				CLANG_WARN_UNREACHABLE_CODE = YES;
				CLANG_WARN__DUPLICATE_METHOD_MATCH = YES;
				CODE_SIGN_IDENTITY = "-";
				COPY_PHASE_STRIP = NO;
				DEBUG_INFORMATION_FORMAT = "dwarf-with-dsym";
				ENABLE_NS_ASSERTIONS = NO;
				ENABLE_STRICT_OBJC_MSGSEND = YES;
				GCC_C_LANGUAGE_STANDARD = gnu99;
				GCC_NO_COMMON_BLOCKS = YES;
				GCC_WARN_64_TO_32_BIT_CONVERSION = YES;
				GCC_WARN_ABOUT_RETURN_TYPE = YES_ERROR;
				GCC_WARN_UNDECLARED_SELECTOR = YES;
				GCC_WARN_UNINITIALIZED_AUTOS = YES_AGGRESSIVE;
				GCC_WARN_UNUSED_FUNCTION = YES;
				GCC_WARN_UNUSED_VARIABLE = YES;
				MACOSX_DEPLOYMENT_TARGET = 10.11;
				MTL_ENABLE_DEBUG_INFO = NO;
				SDKROOT = macosx;
			};
			name = Release;
		};
		12C507F71C0F8E7E00B7AAF3 /* Debug */ = {
			isa = XCBuildConfiguration;
			buildSettings = {
				PRODUCT_NAME = "$(TARGET_NAME)";
			};
			name = Debug;
		};
		12C507F81C0F8E7E00B7AAF3 /* Release */ = {
			isa = XCBuildConfiguration;
			buildSettings = {
				PRODUCT_NAME = "$(TARGET_NAME)";
			};
			name = Release;
		};
/* End XCBuildConfiguration section */

/* Begin XCConfigurationList section */
		12C507EA1C0F8E7E00B7AAF3 /* Build configuration list for PBXProject "wiese176_8B.cpp" */ = {
			isa = XCConfigurationList;
			buildConfigurations = (
				12C507F41C0F8E7E00B7AAF3 /* Debug */,
				12C507F51C0F8E7E00B7AAF3 /* Release */,
			);
			defaultConfigurationIsVisible = 0;
			defaultConfigurationName = Release;
		};
		12C507F61C0F8E7E00B7AAF3 /* Build configuration list for PBXNativeTarget "wiese176_8B.cpp" */ = {
			isa = XCConfigurationList;
			buildConfigurations = (
				12C507F71C0F8E7E00B7AAF3 /* Debug */,
				12C507F81C0F8E7E00B7AAF3 /* Release */,
			);
			defaultConfigurationIsVisible = 0;
		};
/* End XCConfigurationList section */
	};
	rootObject = 12C507E71C0F8E7E00B7AAF3 /* Project object */;
}
